Microsoft Visual Studio Solution File, Format Version 12.00
# Visual Studio Version 16
VisualStudioVersion = 16.0.31321.278
MinimumVisualStudioVersion = 10.0.40219.1
Project("{8BC9CEB8-8B4A-11D0-8D11-00A0C91BC942}") = "Mod Library", "Mod Library\Mod Library.vcxproj", "{FC7F64DF-BEBB-496B-8292-C872B6865A87}"
	ProjectSection(ProjectDependencies) = postProject
		{189B867F-FF4B-45A1-B741-A97492EE69AF} = {189B867F-FF4B-45A1-B741-A97492EE69AF}
		{9C5101EF-3E20-4558-809B-277FDD50E878} = {9C5101EF-3E20-4558-809B-277FDD50E878}
	EndProjectSection
EndProject
Project("{2150E333-8FDC-42A3-9474-1A3956D46DE8}") = "Solution Items", "Solution Items", "{A4CF5765-A7EF-4099-A738-575EF0C7A55C}"
EndProject
Project("{8BC9CEB8-8B4A-11D0-8D11-00A0C91BC942}") = "ChromaPrint", "lib\chromaprint\vstudio\ChromaPrint.vcxproj", "{84960ECE-D619-4F2E-B1B6-5C106A0E2637}"
EndProject
Project("{8BC9CEB8-8B4A-11D0-8D11-00A0C91BC942}") = "libopenmpt", "lib\libopenmpt\build\vs2019win7\libopenmpt.vcxproj", "{9C5101EF-3E20-4558-809B-277FDD50E878}"
	ProjectSection(ProjectDependencies) = postProject
		{9CC7A561-3C73-47C1-9FD0-47052D4748ED} = {9CC7A561-3C73-47C1-9FD0-47052D4748ED}
		{E599F5AA-F9A3-46CC-8DB0-C8DEFCEB90C5} = {E599F5AA-F9A3-46CC-8DB0-C8DEFCEB90C5}
	EndProjectSection
EndProject
Project("{8BC9CEB8-8B4A-11D0-8D11-00A0C91BC942}") = "flac", "lib\libopenmpt\build\vs2019win7\ext\flac.vcxproj", "{E599F5AA-F9A3-46CC-8DB0-C8DEFCEB90C5}"
EndProject
Project("{8BC9CEB8-8B4A-11D0-8D11-00A0C91BC942}") = "ogg", "lib\libopenmpt\build\vs2019win7\ext\ogg.vcxproj", "{D8D5E11C-F959-49EF-B741-B3F6DE52DED8}"
EndProject
Project("{8BC9CEB8-8B4A-11D0-8D11-00A0C91BC942}") = "zlib", "lib\libopenmpt\build\vs2019win7\ext\zlib.vcxproj", "{1654FB18-FDE6-406F-9D84-BA12BFBD67B2}"
EndProject
Project("{8BC9CEB8-8B4A-11D0-8D11-00A0C91BC942}") = "vorbis", "lib\libopenmpt\build\vs2019win7\ext\vorbis.vcxproj", "{B544DCB7-16E5-41BC-B51B-7EAD8CFDFA05}"
EndProject
Project("{8BC9CEB8-8B4A-11D0-8D11-00A0C91BC942}") = "portaudio", "lib\libopenmpt\build\vs2019win7\ext\portaudio.vcxproj", "{189B867F-FF4B-45A1-B741-A97492EE69AF}"
EndProject
Project("{8BC9CEB8-8B4A-11D0-8D11-00A0C91BC942}") = "mpg123", "lib\libopenmpt\build\vs2019win7\ext\mpg123.vcxproj", "{9CC7A561-3C73-47C1-9FD0-47052D4748ED}"
EndProject
Global
	GlobalSection(SolutionConfigurationPlatforms) = preSolution
		Checked|Win32 = Checked|Win32
		Checked|x64 = Checked|x64
		CheckedShared|Win32 = CheckedShared|Win32
		CheckedShared|x64 = CheckedShared|x64
		Debug|Win32 = Debug|Win32
		Debug|x64 = Debug|x64
		DebugMDd|Win32 = DebugMDd|Win32
		DebugMDd|x64 = DebugMDd|x64
		DebugShared|Win32 = DebugShared|Win32
		DebugShared|x64 = DebugShared|x64
		Release|Win32 = Release|Win32
		Release|x64 = Release|x64
		ReleaseLTCG|Win32 = ReleaseLTCG|Win32
		ReleaseLTCG|x64 = ReleaseLTCG|x64
		ReleaseShared|Win32 = ReleaseShared|Win32
		ReleaseShared|x64 = ReleaseShared|x64
	EndGlobalSection
	GlobalSection(ProjectConfigurationPlatforms) = postSolution
		{FC7F64DF-BEBB-496B-8292-C872B6865A87}.Checked|Win32.ActiveCfg = Release|Win32
		{FC7F64DF-BEBB-496B-8292-C872B6865A87}.Checked|Win32.Build.0 = Release|Win32
		{FC7F64DF-BEBB-496B-8292-C872B6865A87}.Checked|x64.ActiveCfg = Release|x64
		{FC7F64DF-BEBB-496B-8292-C872B6865A87}.Checked|x64.Build.0 = Release|x64
		{FC7F64DF-BEBB-496B-8292-C872B6865A87}.CheckedShared|Win32.ActiveCfg = Release|Win32
		{FC7F64DF-BEBB-496B-8292-C872B6865A87}.CheckedShared|Win32.Build.0 = Release|Win32
		{FC7F64DF-BEBB-496B-8292-C872B6865A87}.CheckedShared|x64.ActiveCfg = Release|x64
		{FC7F64DF-BEBB-496B-8292-C872B6865A87}.CheckedShared|x64.Build.0 = Release|x64
		{FC7F64DF-BEBB-496B-8292-C872B6865A87}.Debug|Win32.ActiveCfg = Debug|Win32
		{FC7F64DF-BEBB-496B-8292-C872B6865A87}.Debug|Win32.Build.0 = Debug|Win32
		{FC7F64DF-BEBB-496B-8292-C872B6865A87}.Debug|x64.ActiveCfg = Debug|x64
		{FC7F64DF-BEBB-496B-8292-C872B6865A87}.Debug|x64.Build.0 = Debug|x64
		{FC7F64DF-BEBB-496B-8292-C872B6865A87}.DebugMDd|Win32.ActiveCfg = Debug|Win32
		{FC7F64DF-BEBB-496B-8292-C872B6865A87}.DebugMDd|Win32.Build.0 = Debug|Win32
		{FC7F64DF-BEBB-496B-8292-C872B6865A87}.DebugMDd|x64.ActiveCfg = Debug|x64
		{FC7F64DF-BEBB-496B-8292-C872B6865A87}.DebugMDd|x64.Build.0 = Debug|x64
		{FC7F64DF-BEBB-496B-8292-C872B6865A87}.DebugShared|Win32.ActiveCfg = Debug|Win32
		{FC7F64DF-BEBB-496B-8292-C872B6865A87}.DebugShared|Win32.Build.0 = Debug|Win32
		{FC7F64DF-BEBB-496B-8292-C872B6865A87}.DebugShared|x64.ActiveCfg = Debug|Win32
		{FC7F64DF-BEBB-496B-8292-C872B6865A87}.Release|Win32.ActiveCfg = Release|Win32
		{FC7F64DF-BEBB-496B-8292-C872B6865A87}.Release|Win32.Build.0 = Release|Win32
		{FC7F64DF-BEBB-496B-8292-C872B6865A87}.Release|x64.ActiveCfg = Release|x64
		{FC7F64DF-BEBB-496B-8292-C872B6865A87}.Release|x64.Build.0 = Release|x64
		{FC7F64DF-BEBB-496B-8292-C872B6865A87}.ReleaseLTCG|Win32.ActiveCfg = Release|Win32
		{FC7F64DF-BEBB-496B-8292-C872B6865A87}.ReleaseLTCG|Win32.Build.0 = Release|Win32
		{FC7F64DF-BEBB-496B-8292-C872B6865A87}.ReleaseLTCG|x64.ActiveCfg = Release|x64
		{FC7F64DF-BEBB-496B-8292-C872B6865A87}.ReleaseLTCG|x64.Build.0 = Release|x64
		{FC7F64DF-BEBB-496B-8292-C872B6865A87}.ReleaseShared|Win32.ActiveCfg = Release|Win32
		{FC7F64DF-BEBB-496B-8292-C872B6865A87}.ReleaseShared|Win32.Build.0 = Release|Win32
		{FC7F64DF-BEBB-496B-8292-C872B6865A87}.ReleaseShared|x64.ActiveCfg = Release|x64
		{FC7F64DF-BEBB-496B-8292-C872B6865A87}.ReleaseShared|x64.Build.0 = Release|x64
		{84960ECE-D619-4F2E-B1B6-5C106A0E2637}.Checked|Win32.ActiveCfg = Release|Win32
		{84960ECE-D619-4F2E-B1B6-5C106A0E2637}.Checked|Win32.Build.0 = Release|Win32
		{84960ECE-D619-4F2E-B1B6-5C106A0E2637}.Checked|x64.ActiveCfg = Release|x64
		{84960ECE-D619-4F2E-B1B6-5C106A0E2637}.Checked|x64.Build.0 = Release|x64
		{84960ECE-D619-4F2E-B1B6-5C106A0E2637}.CheckedShared|Win32.ActiveCfg = Release|Win32
		{84960ECE-D619-4F2E-B1B6-5C106A0E2637}.CheckedShared|Win32.Build.0 = Release|Win32
		{84960ECE-D619-4F2E-B1B6-5C106A0E2637}.CheckedShared|x64.ActiveCfg = Release|x64
		{84960ECE-D619-4F2E-B1B6-5C106A0E2637}.CheckedShared|x64.Build.0 = Release|x64
		{84960ECE-D619-4F2E-B1B6-5C106A0E2637}.Debug|Win32.ActiveCfg = Debug|Win32
		{84960ECE-D619-4F2E-B1B6-5C106A0E2637}.Debug|Win32.Build.0 = Debug|Win32
		{84960ECE-D619-4F2E-B1B6-5C106A0E2637}.Debug|x64.ActiveCfg = Debug|x64
		{84960ECE-D619-4F2E-B1B6-5C106A0E2637}.Debug|x64.Build.0 = Debug|x64
		{84960ECE-D619-4F2E-B1B6-5C106A0E2637}.DebugMDd|Win32.ActiveCfg = Debug|Win32
		{84960ECE-D619-4F2E-B1B6-5C106A0E2637}.DebugMDd|Win32.Build.0 = Debug|Win32
		{84960ECE-D619-4F2E-B1B6-5C106A0E2637}.DebugMDd|x64.ActiveCfg = Debug|x64
		{84960ECE-D619-4F2E-B1B6-5C106A0E2637}.DebugMDd|x64.Build.0 = Debug|x64
		{84960ECE-D619-4F2E-B1B6-5C106A0E2637}.DebugShared|Win32.ActiveCfg = Debug|Win32
		{84960ECE-D619-4F2E-B1B6-5C106A0E2637}.DebugShared|Win32.Build.0 = Debug|Win32
		{84960ECE-D619-4F2E-B1B6-5C106A0E2637}.DebugShared|x64.ActiveCfg = Debug|Win32
		{84960ECE-D619-4F2E-B1B6-5C106A0E2637}.Release|Win32.ActiveCfg = Release|Win32
		{84960ECE-D619-4F2E-B1B6-5C106A0E2637}.Release|Win32.Build.0 = Release|Win32
		{84960ECE-D619-4F2E-B1B6-5C106A0E2637}.Release|x64.ActiveCfg = Release|x64
		{84960ECE-D619-4F2E-B1B6-5C106A0E2637}.Release|x64.Build.0 = Release|x64
		{84960ECE-D619-4F2E-B1B6-5C106A0E2637}.ReleaseLTCG|Win32.ActiveCfg = Release|Win32
		{84960ECE-D619-4F2E-B1B6-5C106A0E2637}.ReleaseLTCG|Win32.Build.0 = Release|Win32
		{84960ECE-D619-4F2E-B1B6-5C106A0E2637}.ReleaseLTCG|x64.ActiveCfg = Release|x64
		{84960ECE-D619-4F2E-B1B6-5C106A0E2637}.ReleaseLTCG|x64.Build.0 = Release|x64
		{84960ECE-D619-4F2E-B1B6-5C106A0E2637}.ReleaseShared|Win32.ActiveCfg = Release|Win32
		{84960ECE-D619-4F2E-B1B6-5C106A0E2637}.ReleaseShared|Win32.Build.0 = Release|Win32
		{84960ECE-D619-4F2E-B1B6-5C106A0E2637}.ReleaseShared|x64.ActiveCfg = Release|x64
		{84960ECE-D619-4F2E-B1B6-5C106A0E2637}.ReleaseShared|x64.Build.0 = Release|x64
		{9C5101EF-3E20-4558-809B-277FDD50E878}.Checked|Win32.ActiveCfg = Checked|Win32
		{9C5101EF-3E20-4558-809B-277FDD50E878}.Checked|Win32.Build.0 = Checked|Win32
		{9C5101EF-3E20-4558-809B-277FDD50E878}.Checked|x64.ActiveCfg = Checked|x64
		{9C5101EF-3E20-4558-809B-277FDD50E878}.Checked|x64.Build.0 = Checked|x64
		{9C5101EF-3E20-4558-809B-277FDD50E878}.CheckedShared|Win32.ActiveCfg = CheckedShared|Win32
		{9C5101EF-3E20-4558-809B-277FDD50E878}.CheckedShared|Win32.Build.0 = CheckedShared|Win32
		{9C5101EF-3E20-4558-809B-277FDD50E878}.CheckedShared|x64.ActiveCfg = CheckedShared|x64
		{9C5101EF-3E20-4558-809B-277FDD50E878}.CheckedShared|x64.Build.0 = CheckedShared|x64
		{9C5101EF-3E20-4558-809B-277FDD50E878}.Debug|Win32.ActiveCfg = Debug|Win32
		{9C5101EF-3E20-4558-809B-277FDD50E878}.Debug|Win32.Build.0 = Debug|Win32
		{9C5101EF-3E20-4558-809B-277FDD50E878}.Debug|x64.ActiveCfg = Debug|x64
		{9C5101EF-3E20-4558-809B-277FDD50E878}.Debug|x64.Build.0 = Debug|x64
		{9C5101EF-3E20-4558-809B-277FDD50E878}.DebugMDd|Win32.ActiveCfg = Debug|Win32
		{9C5101EF-3E20-4558-809B-277FDD50E878}.DebugMDd|Win32.Build.0 = Debug|Win32
		{9C5101EF-3E20-4558-809B-277FDD50E878}.DebugMDd|x64.ActiveCfg = Debug|x64
		{9C5101EF-3E20-4558-809B-277FDD50E878}.DebugMDd|x64.Build.0 = Debug|x64
		{9C5101EF-3E20-4558-809B-277FDD50E878}.DebugShared|Win32.ActiveCfg = DebugShared|Win32
		{9C5101EF-3E20-4558-809B-277FDD50E878}.DebugShared|Win32.Build.0 = DebugShared|Win32
		{9C5101EF-3E20-4558-809B-277FDD50E878}.DebugShared|x64.ActiveCfg = DebugShared|x64
		{9C5101EF-3E20-4558-809B-277FDD50E878}.DebugShared|x64.Build.0 = DebugShared|x64
		{9C5101EF-3E20-4558-809B-277FDD50E878}.Release|Win32.ActiveCfg = Release|Win32
		{9C5101EF-3E20-4558-809B-277FDD50E878}.Release|Win32.Build.0 = Release|Win32
		{9C5101EF-3E20-4558-809B-277FDD50E878}.Release|x64.ActiveCfg = Release|x64
		{9C5101EF-3E20-4558-809B-277FDD50E878}.Release|x64.Build.0 = Release|x64
		{9C5101EF-3E20-4558-809B-277FDD50E878}.ReleaseLTCG|Win32.ActiveCfg = ReleaseShared|Win32
		{9C5101EF-3E20-4558-809B-277FDD50E878}.ReleaseLTCG|Win32.Build.0 = ReleaseShared|Win32
		{9C5101EF-3E20-4558-809B-277FDD50E878}.ReleaseLTCG|x64.ActiveCfg = ReleaseShared|x64
		{9C5101EF-3E20-4558-809B-277FDD50E878}.ReleaseLTCG|x64.Build.0 = ReleaseShared|x64
		{9C5101EF-3E20-4558-809B-277FDD50E878}.ReleaseShared|Win32.ActiveCfg = ReleaseShared|Win32
		{9C5101EF-3E20-4558-809B-277FDD50E878}.ReleaseShared|Win32.Build.0 = ReleaseShared|Win32
		{9C5101EF-3E20-4558-809B-277FDD50E878}.ReleaseShared|x64.ActiveCfg = ReleaseShared|x64
		{9C5101EF-3E20-4558-809B-277FDD50E878}.ReleaseShared|x64.Build.0 = ReleaseShared|x64
		{E599F5AA-F9A3-46CC-8DB0-C8DEFCEB90C5}.Checked|Win32.ActiveCfg = Checked|Win32
		{E599F5AA-F9A3-46CC-8DB0-C8DEFCEB90C5}.Checked|Win32.Build.0 = Checked|Win32
		{E599F5AA-F9A3-46CC-8DB0-C8DEFCEB90C5}.Checked|x64.ActiveCfg = Checked|x64
		{E599F5AA-F9A3-46CC-8DB0-C8DEFCEB90C5}.Checked|x64.Build.0 = Checked|x64
		{E599F5AA-F9A3-46CC-8DB0-C8DEFCEB90C5}.CheckedShared|Win32.ActiveCfg = CheckedShared|Win32
		{E599F5AA-F9A3-46CC-8DB0-C8DEFCEB90C5}.CheckedShared|Win32.Build.0 = CheckedShared|Win32
		{E599F5AA-F9A3-46CC-8DB0-C8DEFCEB90C5}.CheckedShared|x64.ActiveCfg = CheckedShared|x64
		{E599F5AA-F9A3-46CC-8DB0-C8DEFCEB90C5}.CheckedShared|x64.Build.0 = CheckedShared|x64
		{E599F5AA-F9A3-46CC-8DB0-C8DEFCEB90C5}.Debug|Win32.ActiveCfg = Debug|Win32
		{E599F5AA-F9A3-46CC-8DB0-C8DEFCEB90C5}.Debug|Win32.Build.0 = Debug|Win32
		{E599F5AA-F9A3-46CC-8DB0-C8DEFCEB90C5}.Debug|x64.ActiveCfg = Debug|x64
		{E599F5AA-F9A3-46CC-8DB0-C8DEFCEB90C5}.Debug|x64.Build.0 = Debug|x64
		{E599F5AA-F9A3-46CC-8DB0-C8DEFCEB90C5}.DebugMDd|Win32.ActiveCfg = Debug|Win32
		{E599F5AA-F9A3-46CC-8DB0-C8DEFCEB90C5}.DebugMDd|Win32.Build.0 = Debug|Win32
		{E599F5AA-F9A3-46CC-8DB0-C8DEFCEB90C5}.DebugMDd|x64.ActiveCfg = Debug|x64
		{E599F5AA-F9A3-46CC-8DB0-C8DEFCEB90C5}.DebugMDd|x64.Build.0 = Debug|x64
		{E599F5AA-F9A3-46CC-8DB0-C8DEFCEB90C5}.DebugShared|Win32.ActiveCfg = DebugShared|Win32
		{E599F5AA-F9A3-46CC-8DB0-C8DEFCEB90C5}.DebugShared|Win32.Build.0 = DebugShared|Win32
		{E599F5AA-F9A3-46CC-8DB0-C8DEFCEB90C5}.DebugShared|x64.ActiveCfg = DebugShared|x64
		{E599F5AA-F9A3-46CC-8DB0-C8DEFCEB90C5}.DebugShared|x64.Build.0 = DebugShared|x64
		{E599F5AA-F9A3-46CC-8DB0-C8DEFCEB90C5}.Release|Win32.ActiveCfg = Release|Win32
		{E599F5AA-F9A3-46CC-8DB0-C8DEFCEB90C5}.Release|Win32.Build.0 = Release|Win32
		{E599F5AA-F9A3-46CC-8DB0-C8DEFCEB90C5}.Release|x64.ActiveCfg = Release|x64
		{E599F5AA-F9A3-46CC-8DB0-C8DEFCEB90C5}.Release|x64.Build.0 = Release|x64
		{E599F5AA-F9A3-46CC-8DB0-C8DEFCEB90C5}.ReleaseLTCG|Win32.ActiveCfg = ReleaseShared|Win32
		{E599F5AA-F9A3-46CC-8DB0-C8DEFCEB90C5}.ReleaseLTCG|Win32.Build.0 = ReleaseShared|Win32
		{E599F5AA-F9A3-46CC-8DB0-C8DEFCEB90C5}.ReleaseLTCG|x64.ActiveCfg = ReleaseShared|x64
		{E599F5AA-F9A3-46CC-8DB0-C8DEFCEB90C5}.ReleaseLTCG|x64.Build.0 = ReleaseShared|x64
		{E599F5AA-F9A3-46CC-8DB0-C8DEFCEB90C5}.ReleaseShared|Win32.ActiveCfg = ReleaseShared|Win32
		{E599F5AA-F9A3-46CC-8DB0-C8DEFCEB90C5}.ReleaseShared|Win32.Build.0 = ReleaseShared|Win32
		{E599F5AA-F9A3-46CC-8DB0-C8DEFCEB90C5}.ReleaseShared|x64.ActiveCfg = ReleaseShared|x64
		{E599F5AA-F9A3-46CC-8DB0-C8DEFCEB90C5}.ReleaseShared|x64.Build.0 = ReleaseShared|x64
		{D8D5E11C-F959-49EF-B741-B3F6DE52DED8}.Checked|Win32.ActiveCfg = Checked|Win32
		{D8D5E11C-F959-49EF-B741-B3F6DE52DED8}.Checked|Win32.Build.0 = Checked|Win32
		{D8D5E11C-F959-49EF-B741-B3F6DE52DED8}.Checked|x64.ActiveCfg = Checked|x64
		{D8D5E11C-F959-49EF-B741-B3F6DE52DED8}.Checked|x64.Build.0 = Checked|x64
		{D8D5E11C-F959-49EF-B741-B3F6DE52DED8}.CheckedShared|Win32.ActiveCfg = CheckedShared|Win32
		{D8D5E11C-F959-49EF-B741-B3F6DE52DED8}.CheckedShared|Win32.Build.0 = CheckedShared|Win32
		{D8D5E11C-F959-49EF-B741-B3F6DE52DED8}.CheckedShared|x64.ActiveCfg = CheckedShared|x64
		{D8D5E11C-F959-49EF-B741-B3F6DE52DED8}.CheckedShared|x64.Build.0 = CheckedShared|x64
		{D8D5E11C-F959-49EF-B741-B3F6DE52DED8}.Debug|Win32.ActiveCfg = Debug|Win32
		{D8D5E11C-F959-49EF-B741-B3F6DE52DED8}.Debug|Win32.Build.0 = Debug|Win32
		{D8D5E11C-F959-49EF-B741-B3F6DE52DED8}.Debug|x64.ActiveCfg = Debug|x64
		{D8D5E11C-F959-49EF-B741-B3F6DE52DED8}.Debug|x64.Build.0 = Debug|x64
		{D8D5E11C-F959-49EF-B741-B3F6DE52DED8}.DebugMDd|Win32.ActiveCfg = Debug|Win32
		{D8D5E11C-F959-49EF-B741-B3F6DE52DED8}.DebugMDd|Win32.Build.0 = Debug|Win32
		{D8D5E11C-F959-49EF-B741-B3F6DE52DED8}.DebugMDd|x64.ActiveCfg = Debug|x64
		{D8D5E11C-F959-49EF-B741-B3F6DE52DED8}.DebugMDd|x64.Build.0 = Debug|x64
		{D8D5E11C-F959-49EF-B741-B3F6DE52DED8}.DebugShared|Win32.ActiveCfg = DebugShared|Win32
		{D8D5E11C-F959-49EF-B741-B3F6DE52DED8}.DebugShared|Win32.Build.0 = DebugShared|Win32
		{D8D5E11C-F959-49EF-B741-B3F6DE52DED8}.DebugShared|x64.ActiveCfg = DebugShared|x64
		{D8D5E11C-F959-49EF-B741-B3F6DE52DED8}.DebugShared|x64.Build.0 = DebugShared|x64
		{D8D5E11C-F959-49EF-B741-B3F6DE52DED8}.Release|Win32.ActiveCfg = Release|Win32
		{D8D5E11C-F959-49EF-B741-B3F6DE52DED8}.Release|Win32.Build.0 = Release|Win32
		{D8D5E11C-F959-49EF-B741-B3F6DE52DED8}.Release|x64.ActiveCfg = Release|x64
		{D8D5E11C-F959-49EF-B741-B3F6DE52DED8}.Release|x64.Build.0 = Release|x64
		{D8D5E11C-F959-49EF-B741-B3F6DE52DED8}.ReleaseLTCG|Win32.ActiveCfg = ReleaseShared|Win32
		{D8D5E11C-F959-49EF-B741-B3F6DE52DED8}.ReleaseLTCG|Win32.Build.0 = ReleaseShared|Win32
		{D8D5E11C-F959-49EF-B741-B3F6DE52DED8}.ReleaseLTCG|x64.ActiveCfg = ReleaseShared|x64
		{D8D5E11C-F959-49EF-B741-B3F6DE52DED8}.ReleaseLTCG|x64.Build.0 = ReleaseShared|x64
		{D8D5E11C-F959-49EF-B741-B3F6DE52DED8}.ReleaseShared|Win32.ActiveCfg = ReleaseShared|Win32
		{D8D5E11C-F959-49EF-B741-B3F6DE52DED8}.ReleaseShared|Win32.Build.0 = ReleaseShared|Win32
		{D8D5E11C-F959-49EF-B741-B3F6DE52DED8}.ReleaseShared|x64.ActiveCfg = ReleaseShared|x64
		{D8D5E11C-F959-49EF-B741-B3F6DE52DED8}.ReleaseShared|x64.Build.0 = ReleaseShared|x64
		{1654FB18-FDE6-406F-9D84-BA12BFBD67B2}.Checked|Win32.ActiveCfg = Checked|Win32
		{1654FB18-FDE6-406F-9D84-BA12BFBD67B2}.Checked|Win32.Build.0 = Checked|Win32
		{1654FB18-FDE6-406F-9D84-BA12BFBD67B2}.Checked|x64.ActiveCfg = Checked|x64
		{1654FB18-FDE6-406F-9D84-BA12BFBD67B2}.Checked|x64.Build.0 = Checked|x64
		{1654FB18-FDE6-406F-9D84-BA12BFBD67B2}.CheckedShared|Win32.ActiveCfg = CheckedShared|Win32
		{1654FB18-FDE6-406F-9D84-BA12BFBD67B2}.CheckedShared|Win32.Build.0 = CheckedShared|Win32
		{1654FB18-FDE6-406F-9D84-BA12BFBD67B2}.CheckedShared|x64.ActiveCfg = CheckedShared|x64
		{1654FB18-FDE6-406F-9D84-BA12BFBD67B2}.CheckedShared|x64.Build.0 = CheckedShared|x64
		{1654FB18-FDE6-406F-9D84-BA12BFBD67B2}.Debug|Win32.ActiveCfg = Debug|Win32
		{1654FB18-FDE6-406F-9D84-BA12BFBD67B2}.Debug|Win32.Build.0 = Debug|Win32
		{1654FB18-FDE6-406F-9D84-BA12BFBD67B2}.Debug|x64.ActiveCfg = Debug|x64
		{1654FB18-FDE6-406F-9D84-BA12BFBD67B2}.Debug|x64.Build.0 = Debug|x64
		{1654FB18-FDE6-406F-9D84-BA12BFBD67B2}.DebugMDd|Win32.ActiveCfg = Debug|Win32
		{1654FB18-FDE6-406F-9D84-BA12BFBD67B2}.DebugMDd|Win32.Build.0 = Debug|Win32
		{1654FB18-FDE6-406F-9D84-BA12BFBD67B2}.DebugMDd|x64.ActiveCfg = Debug|x64
		{1654FB18-FDE6-406F-9D84-BA12BFBD67B2}.DebugMDd|x64.Build.0 = Debug|x64
		{1654FB18-FDE6-406F-9D84-BA12BFBD67B2}.DebugShared|Win32.ActiveCfg = DebugShared|Win32
		{1654FB18-FDE6-406F-9D84-BA12BFBD67B2}.DebugShared|Win32.Build.0 = DebugShared|Win32
		{1654FB18-FDE6-406F-9D84-BA12BFBD67B2}.DebugShared|x64.ActiveCfg = DebugShared|x64
		{1654FB18-FDE6-406F-9D84-BA12BFBD67B2}.DebugShared|x64.Build.0 = DebugShared|x64
		{1654FB18-FDE6-406F-9D84-BA12BFBD67B2}.Release|Win32.ActiveCfg = Release|Win32
		{1654FB18-FDE6-406F-9D84-BA12BFBD67B2}.Release|Win32.Build.0 = Release|Win32
		{1654FB18-FDE6-406F-9D84-BA12BFBD67B2}.Release|x64.ActiveCfg = Release|x64
		{1654FB18-FDE6-406F-9D84-BA12BFBD67B2}.Release|x64.Build.0 = Release|x64
		{1654FB18-FDE6-406F-9D84-BA12BFBD67B2}.ReleaseLTCG|Win32.ActiveCfg = ReleaseShared|Win32
		{1654FB18-FDE6-406F-9D84-BA12BFBD67B2}.ReleaseLTCG|Win32.Build.0 = ReleaseShared|Win32
		{1654FB18-FDE6-406F-9D84-BA12BFBD67B2}.ReleaseLTCG|x64.ActiveCfg = ReleaseShared|x64
		{1654FB18-FDE6-406F-9D84-BA12BFBD67B2}.ReleaseLTCG|x64.Build.0 = ReleaseShared|x64
		{1654FB18-FDE6-406F-9D84-BA12BFBD67B2}.ReleaseShared|Win32.ActiveCfg = ReleaseShared|Win32
		{1654FB18-FDE6-406F-9D84-BA12BFBD67B2}.ReleaseShared|Win32.Build.0 = ReleaseShared|Win32
		{1654FB18-FDE6-406F-9D84-BA12BFBD67B2}.ReleaseShared|x64.ActiveCfg = ReleaseShared|x64
		{1654FB18-FDE6-406F-9D84-BA12BFBD67B2}.ReleaseShared|x64.Build.0 = ReleaseShared|x64
		{B544DCB7-16E5-41BC-B51B-7EAD8CFDFA05}.Checked|Win32.ActiveCfg = Checked|Win32
		{B544DCB7-16E5-41BC-B51B-7EAD8CFDFA05}.Checked|Win32.Build.0 = Checked|Win32
		{B544DCB7-16E5-41BC-B51B-7EAD8CFDFA05}.Checked|x64.ActiveCfg = Checked|x64
		{B544DCB7-16E5-41BC-B51B-7EAD8CFDFA05}.Checked|x64.Build.0 = Checked|x64
		{B544DCB7-16E5-41BC-B51B-7EAD8CFDFA05}.CheckedShared|Win32.ActiveCfg = CheckedShared|Win32
		{B544DCB7-16E5-41BC-B51B-7EAD8CFDFA05}.CheckedShared|Win32.Build.0 = CheckedShared|Win32
		{B544DCB7-16E5-41BC-B51B-7EAD8CFDFA05}.CheckedShared|x64.ActiveCfg = CheckedShared|x64
		{B544DCB7-16E5-41BC-B51B-7EAD8CFDFA05}.CheckedShared|x64.Build.0 = CheckedShared|x64
		{B544DCB7-16E5-41BC-B51B-7EAD8CFDFA05}.Debug|Win32.ActiveCfg = Debug|Win32
		{B544DCB7-16E5-41BC-B51B-7EAD8CFDFA05}.Debug|Win32.Build.0 = Debug|Win32
		{B544DCB7-16E5-41BC-B51B-7EAD8CFDFA05}.Debug|x64.ActiveCfg = Debug|x64
		{B544DCB7-16E5-41BC-B51B-7EAD8CFDFA05}.Debug|x64.Build.0 = Debug|x64
		{B544DCB7-16E5-41BC-B51B-7EAD8CFDFA05}.DebugMDd|Win32.ActiveCfg = Debug|Win32
		{B544DCB7-16E5-41BC-B51B-7EAD8CFDFA05}.DebugMDd|Win32.Build.0 = Debug|Win32
		{B544DCB7-16E5-41BC-B51B-7EAD8CFDFA05}.DebugMDd|x64.ActiveCfg = Debug|x64
		{B544DCB7-16E5-41BC-B51B-7EAD8CFDFA05}.DebugMDd|x64.Build.0 = Debug|x64
		{B544DCB7-16E5-41BC-B51B-7EAD8CFDFA05}.DebugShared|Win32.ActiveCfg = DebugShared|Win32
		{B544DCB7-16E5-41BC-B51B-7EAD8CFDFA05}.DebugShared|Win32.Build.0 = DebugShared|Win32
		{B544DCB7-16E5-41BC-B51B-7EAD8CFDFA05}.DebugShared|x64.ActiveCfg = DebugShared|x64
		{B544DCB7-16E5-41BC-B51B-7EAD8CFDFA05}.DebugShared|x64.Build.0 = DebugShared|x64
		{B544DCB7-16E5-41BC-B51B-7EAD8CFDFA05}.Release|Win32.ActiveCfg = Release|Win32
		{B544DCB7-16E5-41BC-B51B-7EAD8CFDFA05}.Release|Win32.Build.0 = Release|Win32
		{B544DCB7-16E5-41BC-B51B-7EAD8CFDFA05}.Release|x64.ActiveCfg = Release|x64
		{B544DCB7-16E5-41BC-B51B-7EAD8CFDFA05}.Release|x64.Build.0 = Release|x64
		{B544DCB7-16E5-41BC-B51B-7EAD8CFDFA05}.ReleaseLTCG|Win32.ActiveCfg = ReleaseShared|Win32
		{B544DCB7-16E5-41BC-B51B-7EAD8CFDFA05}.ReleaseLTCG|Win32.Build.0 = ReleaseShared|Win32
		{B544DCB7-16E5-41BC-B51B-7EAD8CFDFA05}.ReleaseLTCG|x64.ActiveCfg = ReleaseShared|x64
		{B544DCB7-16E5-41BC-B51B-7EAD8CFDFA05}.ReleaseLTCG|x64.Build.0 = ReleaseShared|x64
		{B544DCB7-16E5-41BC-B51B-7EAD8CFDFA05}.ReleaseShared|Win32.ActiveCfg = ReleaseShared|Win32
		{B544DCB7-16E5-41BC-B51B-7EAD8CFDFA05}.ReleaseShared|Win32.Build.0 = ReleaseShared|Win32
		{B544DCB7-16E5-41BC-B51B-7EAD8CFDFA05}.ReleaseShared|x64.ActiveCfg = ReleaseShared|x64
		{B544DCB7-16E5-41BC-B51B-7EAD8CFDFA05}.ReleaseShared|x64.Build.0 = ReleaseShared|x64
		{189B867F-FF4B-45A1-B741-A97492EE69AF}.Checked|Win32.ActiveCfg = Checked|Win32
		{189B867F-FF4B-45A1-B741-A97492EE69AF}.Checked|Win32.Build.0 = Checked|Win32
		{189B867F-FF4B-45A1-B741-A97492EE69AF}.Checked|x64.ActiveCfg = Checked|x64
		{189B867F-FF4B-45A1-B741-A97492EE69AF}.Checked|x64.Build.0 = Checked|x64
		{189B867F-FF4B-45A1-B741-A97492EE69AF}.CheckedShared|Win32.ActiveCfg = CheckedShared|Win32
		{189B867F-FF4B-45A1-B741-A97492EE69AF}.CheckedShared|Win32.Build.0 = CheckedShared|Win32
		{189B867F-FF4B-45A1-B741-A97492EE69AF}.CheckedShared|x64.ActiveCfg = CheckedShared|x64
		{189B867F-FF4B-45A1-B741-A97492EE69AF}.CheckedShared|x64.Build.0 = CheckedShared|x64
		{189B867F-FF4B-45A1-B741-A97492EE69AF}.Debug|Win32.ActiveCfg = Debug|Win32
		{189B867F-FF4B-45A1-B741-A97492EE69AF}.Debug|Win32.Build.0 = Debug|Win32
		{189B867F-FF4B-45A1-B741-A97492EE69AF}.Debug|x64.ActiveCfg = Debug|x64
		{189B867F-FF4B-45A1-B741-A97492EE69AF}.Debug|x64.Build.0 = Debug|x64
		{189B867F-FF4B-45A1-B741-A97492EE69AF}.DebugMDd|Win32.ActiveCfg = Debug|Win32
		{189B867F-FF4B-45A1-B741-A97492EE69AF}.DebugMDd|Win32.Build.0 = Debug|Win32
		{189B867F-FF4B-45A1-B741-A97492EE69AF}.DebugMDd|x64.ActiveCfg = Debug|x64
		{189B867F-FF4B-45A1-B741-A97492EE69AF}.DebugMDd|x64.Build.0 = Debug|x64
		{189B867F-FF4B-45A1-B741-A97492EE69AF}.DebugShared|Win32.ActiveCfg = DebugShared|Win32
		{189B867F-FF4B-45A1-B741-A97492EE69AF}.DebugShared|Win32.Build.0 = DebugShared|Win32
		{189B867F-FF4B-45A1-B741-A97492EE69AF}.DebugShared|x64.ActiveCfg = DebugShared|x64
		{189B867F-FF4B-45A1-B741-A97492EE69AF}.DebugShared|x64.Build.0 = DebugShared|x64
		{189B867F-FF4B-45A1-B741-A97492EE69AF}.Release|Win32.ActiveCfg = Release|Win32
		{189B867F-FF4B-45A1-B741-A97492EE69AF}.Release|Win32.Build.0 = Release|Win32
		{189B867F-FF4B-45A1-B741-A97492EE69AF}.Release|x64.ActiveCfg = Release|x64
		{189B867F-FF4B-45A1-B741-A97492EE69AF}.Release|x64.Build.0 = Release|x64
		{189B867F-FF4B-45A1-B741-A97492EE69AF}.ReleaseLTCG|Win32.ActiveCfg = ReleaseShared|Win32
		{189B867F-FF4B-45A1-B741-A97492EE69AF}.ReleaseLTCG|Win32.Build.0 = ReleaseShared|Win32
		{189B867F-FF4B-45A1-B741-A97492EE69AF}.ReleaseLTCG|x64.ActiveCfg = ReleaseShared|x64
		{189B867F-FF4B-45A1-B741-A97492EE69AF}.ReleaseLTCG|x64.Build.0 = ReleaseShared|x64
		{189B867F-FF4B-45A1-B741-A97492EE69AF}.ReleaseShared|Win32.ActiveCfg = ReleaseShared|Win32
		{189B867F-FF4B-45A1-B741-A97492EE69AF}.ReleaseShared|Win32.Build.0 = ReleaseShared|Win32
		{189B867F-FF4B-45A1-B741-A97492EE69AF}.ReleaseShared|x64.ActiveCfg = ReleaseShared|x64
		{189B867F-FF4B-45A1-B741-A97492EE69AF}.ReleaseShared|x64.Build.0 = ReleaseShared|x64
		{9CC7A561-3C73-47C1-9FD0-47052D4748ED}.Checked|Win32.ActiveCfg = Checked|Win32
		{9CC7A561-3C73-47C1-9FD0-47052D4748ED}.Checked|Win32.Build.0 = Checked|Win32
		{9CC7A561-3C73-47C1-9FD0-47052D4748ED}.Checked|x64.ActiveCfg = Checked|x64
		{9CC7A561-3C73-47C1-9FD0-47052D4748ED}.Checked|x64.Build.0 = Checked|x64
		{9CC7A561-3C73-47C1-9FD0-47052D4748ED}.CheckedShared|Win32.ActiveCfg = CheckedShared|Win32
		{9CC7A561-3C73-47C1-9FD0-47052D4748ED}.CheckedShared|Win32.Build.0 = CheckedShared|Win32
		{9CC7A561-3C73-47C1-9FD0-47052D4748ED}.CheckedShared|x64.ActiveCfg = CheckedShared|x64
		{9CC7A561-3C73-47C1-9FD0-47052D4748ED}.CheckedShared|x64.Build.0 = CheckedShared|x64
		{9CC7A561-3C73-47C1-9FD0-47052D4748ED}.Debug|Win32.ActiveCfg = Debug|Win32
		{9CC7A561-3C73-47C1-9FD0-47052D4748ED}.Debug|Win32.Build.0 = Debug|Win32
		{9CC7A561-3C73-47C1-9FD0-47052D4748ED}.Debug|x64.ActiveCfg = Debug|x64
		{9CC7A561-3C73-47C1-9FD0-47052D4748ED}.Debug|x64.Build.0 = Debug|x64
		{9CC7A561-3C73-47C1-9FD0-47052D4748ED}.DebugMDd|Win32.ActiveCfg = Debug|Win32
		{9CC7A561-3C73-47C1-9FD0-47052D4748ED}.DebugMDd|Win32.Build.0 = Debug|Win32
		{9CC7A561-3C73-47C1-9FD0-47052D4748ED}.DebugMDd|x64.ActiveCfg = Debug|x64
		{9CC7A561-3C73-47C1-9FD0-47052D4748ED}.DebugMDd|x64.Build.0 = Debug|x64
		{9CC7A561-3C73-47C1-9FD0-47052D4748ED}.DebugShared|Win32.ActiveCfg = DebugShared|Win32
		{9CC7A561-3C73-47C1-9FD0-47052D4748ED}.DebugShared|Win32.Build.0 = DebugShared|Win32
		{9CC7A561-3C73-47C1-9FD0-47052D4748ED}.DebugShared|x64.ActiveCfg = DebugShared|x64
		{9CC7A561-3C73-47C1-9FD0-47052D4748ED}.DebugShared|x64.Build.0 = DebugShared|x64
		{9CC7A561-3C73-47C1-9FD0-47052D4748ED}.Release|Win32.ActiveCfg = Release|Win32
		{9CC7A561-3C73-47C1-9FD0-47052D4748ED}.Release|Win32.Build.0 = Release|Win32
		{9CC7A561-3C73-47C1-9FD0-47052D4748ED}.Release|x64.ActiveCfg = Release|x64
		{9CC7A561-3C73-47C1-9FD0-47052D4748ED}.Release|x64.Build.0 = Release|x64
		{9CC7A561-3C73-47C1-9FD0-47052D4748ED}.ReleaseLTCG|Win32.ActiveCfg = ReleaseShared|Win32
		{9CC7A561-3C73-47C1-9FD0-47052D4748ED}.ReleaseLTCG|Win32.Build.0 = ReleaseShared|Win32
		{9CC7A561-3C73-47C1-9FD0-47052D4748ED}.ReleaseLTCG|x64.ActiveCfg = ReleaseShared|x64
		{9CC7A561-3C73-47C1-9FD0-47052D4748ED}.ReleaseLTCG|x64.Build.0 = ReleaseShared|x64
		{9CC7A561-3C73-47C1-9FD0-47052D4748ED}.ReleaseShared|Win32.ActiveCfg = ReleaseShared|Win32
		{9CC7A561-3C73-47C1-9FD0-47052D4748ED}.ReleaseShared|Win32.Build.0 = ReleaseShared|Win32
		{9CC7A561-3C73-47C1-9FD0-47052D4748ED}.ReleaseShared|x64.ActiveCfg = ReleaseShared|x64
		{9CC7A561-3C73-47C1-9FD0-47052D4748ED}.ReleaseShared|x64.Build.0 = ReleaseShared|x64
	EndGlobalSection
	GlobalSection(SolutionProperties) = preSolution
		HideSolutionNode = FALSE
	EndGlobalSection
	GlobalSection(ExtensibilityGlobals) = postSolution
		SolutionGuid = {652E52B7-6599-480B-B680-443C169A309B}
	EndGlobalSection
EndGlobal
