<?xml version="1.0" encoding="utf-8"?>
<Project ToolsVersion="4.0" xmlns="http://schemas.microsoft.com/developer/msbuild/2003">
  <ItemGroup>
    <Filter Include="Source Files">
      <UniqueIdentifier>{4FC737F1-C7A5-4376-A066-2A32D752A2FF}</UniqueIdentifier>
      <Extensions>cpp;c;cc;cxx;def;odl;idl;hpj;bat;asm;asmx</Extensions>
    </Filter>
    <Filter Include="Header Files">
      <UniqueIdentifier>{93995380-89BD-4b04-88EB-625FBE52EBFB}</UniqueIdentifier>
      <Extensions>h;hpp;hxx;hm;inl;inc;xsd</Extensions>
    </Filter>
    <Filter Include="Resource Files">
      <UniqueIdentifier>{67DA6AB6-F800-4c08-8B7A-83BB121AAD01}</UniqueIdentifier>
      <Extensions>rc;ico;cur;bmp;dlg;rc2;rct;bin;rgs;gif;jpg;jpeg;jpe;resx;tiff;tif;png;wav;mfcribbon-ms</Extensions>
    </Filter>
  </ItemGroup>
  <ItemGroup>
    <ClCompile Include="..\src\audio_processor.cpp">
      <Filter>Source Files</Filter>
    </ClCompile>
    <ClCompile Include="..\src\chroma.cpp">
      <Filter>Source Files</Filter>
    </ClCompile>
    <ClCompile Include="..\src\chroma_filter.cpp">
      <Filter>Source Files</Filter>
    </ClCompile>
    <ClCompile Include="..\src\chroma_resampler.cpp">
      <Filter>Source Files</Filter>
    </ClCompile>
    <ClCompile Include="..\src\chromaprint.cpp">
      <Filter>Source Files</Filter>
    </ClCompile>
    <ClCompile Include="..\src\fft.cpp">
      <Filter>Source Files</Filter>
    </ClCompile>
    <ClCompile Include="..\src\fingerprint_calculator.cpp">
      <Filter>Source Files</Filter>
    </ClCompile>
    <ClCompile Include="..\src\fingerprint_compressor.cpp">
      <Filter>Source Files</Filter>
    </ClCompile>
    <ClCompile Include="..\src\fingerprint_decompressor.cpp">
      <Filter>Source Files</Filter>
    </ClCompile>
    <ClCompile Include="..\src\fingerprinter.cpp">
      <Filter>Source Files</Filter>
    </ClCompile>
    <ClCompile Include="..\src\fingerprinter_configuration.cpp">
      <Filter>Source Files</Filter>
    </ClCompile>
    <ClCompile Include="..\src\image_builder.cpp">
      <Filter>Source Files</Filter>
    </ClCompile>
    <ClCompile Include="..\src\silence_remover.cpp">
      <Filter>Source Files</Filter>
    </ClCompile>
    <ClCompile Include="..\src\spectrum.cpp">
      <Filter>Source Files</Filter>
    </ClCompile>
    <ClCompile Include="..\src\fft_lib_kissfft.cpp">
      <Filter>Source Files</Filter>
    </ClCompile>
    <ClCompile Include="..\..\kiss_fft\kiss_fft.c">
      <Filter>Source Files</Filter>
    </ClCompile>
    <ClCompile Include="..\src\avresample\resample2.c">
      <Filter>Source Files</Filter>
    </ClCompile>
    <ClCompile Include="..\..\kiss_fft\tools\kiss_fftr.c">
      <Filter>Source Files</Filter>
    </ClCompile>
    <ClCompile Include="..\src\simhash.cpp">
      <Filter>Source Files</Filter>
    </ClCompile>
    <ClCompile Include="..\src\utils\base64.cpp">
      <Filter>Source Files</Filter>
    </ClCompile>
  </ItemGroup>
  <ItemGroup>
    <ClInclude Include="..\src\audio_consumer.h">
      <Filter>Header Files</Filter>
    </ClInclude>
    <ClInclude Include="..\src\audio_processor.h">
      <Filter>Header Files</Filter>
    </ClInclude>
    <ClInclude Include="..\src\bit_string_reader.h">
      <Filter>Header Files</Filter>
    </ClInclude>
    <ClInclude Include="..\src\bit_string_writer.h">
      <Filter>Header Files</Filter>
    </ClInclude>
    <ClInclude Include="..\src\chroma.h">
      <Filter>Header Files</Filter>
    </ClInclude>
    <ClInclude Include="..\src\chroma_filter.h">
      <Filter>Header Files</Filter>
    </ClInclude>
    <ClInclude Include="..\src\chroma_normalizer.h">
      <Filter>Header Files</Filter>
    </ClInclude>
    <ClInclude Include="..\src\chroma_resampler.h">
      <Filter>Header Files</Filter>
    </ClInclude>
    <ClInclude Include="..\src\chromaprint.h">
      <Filter>Header Files</Filter>
    </ClInclude>
    <ClInclude Include="..\src\classifier.h">
      <Filter>Header Files</Filter>
    </ClInclude>
    <ClInclude Include="..\src\combined_buffer.h">
      <Filter>Header Files</Filter>
    </ClInclude>
    <ClInclude Include="..\src\debug.h">
      <Filter>Header Files</Filter>
    </ClInclude>
    <ClInclude Include="..\src\decoder.h">
      <Filter>Header Files</Filter>
    </ClInclude>
    <ClInclude Include="..\src\feature_vector_consumer.h">
      <Filter>Header Files</Filter>
    </ClInclude>
    <ClInclude Include="..\src\fft.h">
      <Filter>Header Files</Filter>
    </ClInclude>
    <ClInclude Include="..\src\fft_frame.h">
      <Filter>Header Files</Filter>
    </ClInclude>
    <ClInclude Include="..\src\fft_frame_consumer.h">
      <Filter>Header Files</Filter>
    </ClInclude>
    <ClInclude Include="..\src\fft_lib.h">
      <Filter>Header Files</Filter>
    </ClInclude>
    <ClInclude Include="..\src\filter.h">
      <Filter>Header Files</Filter>
    </ClInclude>
    <ClInclude Include="..\src\filter_utils.h">
      <Filter>Header Files</Filter>
    </ClInclude>
    <ClInclude Include="..\src\fingerprint_calculator.h">
      <Filter>Header Files</Filter>
    </ClInclude>
    <ClInclude Include="..\src\fingerprint_compressor.h">
      <Filter>Header Files</Filter>
    </ClInclude>
    <ClInclude Include="..\src\fingerprint_decompressor.h">
      <Filter>Header Files</Filter>
    </ClInclude>
    <ClInclude Include="..\src\fingerprinter.h">
      <Filter>Header Files</Filter>
    </ClInclude>
    <ClInclude Include="..\src\fingerprinter_configuration.h">
      <Filter>Header Files</Filter>
    </ClInclude>
    <ClInclude Include="..\src\image.h">
      <Filter>Header Files</Filter>
    </ClInclude>
    <ClInclude Include="..\src\image_builder.h">
      <Filter>Header Files</Filter>
    </ClInclude>
    <ClInclude Include="..\src\integral_image.h">
      <Filter>Header Files</Filter>
    </ClInclude>
    <ClInclude Include="..\src\lloyds.h">
      <Filter>Header Files</Filter>
    </ClInclude>
    <ClInclude Include="..\src\moving_average.h">
      <Filter>Header Files</Filter>
    </ClInclude>
    <ClInclude Include="..\src\quantizer.h">
      <Filter>Header Files</Filter>
    </ClInclude>
    <ClInclude Include="..\src\silence_remover.h">
      <Filter>Header Files</Filter>
    </ClInclude>
    <ClInclude Include="..\src\spectral_centroid.h">
      <Filter>Header Files</Filter>
    </ClInclude>
    <ClInclude Include="..\src\spectrum.h">
      <Filter>Header Files</Filter>
    </ClInclude>
    <ClInclude Include="..\src\utils.h">
      <Filter>Header Files</Filter>
    </ClInclude>
    <ClInclude Include="..\src\fft_lib_kissfft.h">
      <Filter>Header Files</Filter>
    </ClInclude>
    <ClInclude Include="..\..\kiss_fft\kiss_fft.h">
      <Filter>Header Files</Filter>
    </ClInclude>
    <ClInclude Include="..\src\avresample\avcodec.h">
      <Filter>Header Files</Filter>
    </ClInclude>
    <ClInclude Include="..\src\avresample\dsputil.h">
      <Filter>Header Files</Filter>
    </ClInclude>
    <ClInclude Include="..\src\simhash.h">
      <Filter>Header Files</Filter>
    </ClInclude>
  </ItemGroup>
</Project>